
Microsoft Visual Studio Solution File, Format Version 12.00
# Visual Studio 15
VisualStudioVersion = 15.0.28307.1433
MinimumVisualStudioVersion = 10.0.40219.1
Project("{FAE04EC0-301F-11D3-BF4B-00C04F79EFBC}") = "LibrarySys", "LibrarySys\LibrarySys.csproj", "{D29A027C-9BEB-411C-9025-247B4E8713EA}"
EndProject
Global
	GlobalSection(SolutionConfigurationPlatforms) = preSolution
		Debug|Any CPU = Debug|Any CPU
		Release|Any CPU = Release|Any CPU
	EndGlobalSection
	GlobalSection(ProjectConfigurationPlatforms) = postSolution
		{D29A027C-9BEB-411C-9025-247B4E8713EA}.Debug|Any CPU.ActiveCfg = Debug|Any CPU
		{D29A027C-9BEB-411C-9025-247B4E8713EA}.Debug|Any CPU.Build.0 = Debug|Any CPU
		{D29A027C-9BEB-411C-9025-247B4E8713EA}.Release|Any CPU.ActiveCfg = Release|Any CPU
		{D29A027C-9BEB-411C-9025-247B4E8713EA}.Release|Any CPU.Build.0 = Release|Any CPU
	EndGlobalSection
	GlobalSection(SolutionProperties) = preSolution
		HideSolutionNode = FALSE
	EndGlobalSection
	GlobalSection(ExtensibilityGlobals) = postSolution
		SolutionGuid = {8B1AF87E-72F5-4DF5-8DE9-C95328E9DD21}
	EndGlobalSection
EndGlobal
